
Microsoft Visual Studio Solution File, Format Version 12.00
# Visual Studio 14
VisualStudioVersion = 14.0.24720.0
MinimumVisualStudioVersion = 10.0.40219.1
Project("{FAE04EC0-301F-11D3-BF4B-00C04F79EFBC}") = "NInjectExample.Views", "NInjectExampleWithWPF\NInjectExample.Views.csproj", "{0FC92EC5-7BAA-47DB-BA95-C4672CF1A017}"
EndProject
Project("{FAE04EC0-301F-11D3-BF4B-00C04F79EFBC}") = "NInjectExample", "NInjectExample\NInjectExample.csproj", "{D273532F-81AB-4EFB-AAAD-D46DD07AC251}"
EndProject
Global
	GlobalSection(SolutionConfigurationPlatforms) = preSolution
		Debug|Any CPU = Debug|Any CPU
		Release|Any CPU = Release|Any CPU
	EndGlobalSection
	GlobalSection(ProjectConfigurationPlatforms) = postSolution
		{0FC92EC5-7BAA-47DB-BA95-C4672CF1A017}.Debug|Any CPU.ActiveCfg = Debug|Any CPU
		{0FC92EC5-7BAA-47DB-BA95-C4672CF1A017}.Debug|Any CPU.Build.0 = Debug|Any CPU
		{0FC92EC5-7BAA-47DB-BA95-C4672CF1A017}.Release|Any CPU.ActiveCfg = Release|Any CPU
		{0FC92EC5-7BAA-47DB-BA95-C4672CF1A017}.Release|Any CPU.Build.0 = Release|Any CPU
		{D273532F-81AB-4EFB-AAAD-D46DD07AC251}.Debug|Any CPU.ActiveCfg = Debug|Any CPU
		{D273532F-81AB-4EFB-AAAD-D46DD07AC251}.Debug|Any CPU.Build.0 = Debug|Any CPU
		{D273532F-81AB-4EFB-AAAD-D46DD07AC251}.Release|Any CPU.ActiveCfg = Release|Any CPU
		{D273532F-81AB-4EFB-AAAD-D46DD07AC251}.Release|Any CPU.Build.0 = Release|Any CPU
	EndGlobalSection
	GlobalSection(SolutionProperties) = preSolution
		HideSolutionNode = FALSE
	EndGlobalSection
EndGlobal
